
Microsoft Visual Studio Solution File, Format Version 12.00
# Visual Studio Version 17
VisualStudioVersion = 17.5.33502.453
MinimumVisualStudioVersion = 10.0.40219.1
Project("{FAE04EC0-301F-11D3-BF4B-00C04F79EFBC}") = "BlazorFileUpload", "BlazorFileUpload\BlazorFileUpload.csproj", "{355361CB-9A83-443D-9F46-55BA41B3F033}"
EndProject
Project("{FAE04EC0-301F-11D3-BF4B-00C04F79EFBC}") = "BlazorFileUpload.Api", "BlazorFileUpload.Api\BlazorFileUpload.Api.csproj", "{35AFE27F-A587-48EE-A432-774459E56CF9}"
EndProject
Global
	GlobalSection(SolutionConfigurationPlatforms) = preSolution
		Debug|Any CPU = Debug|Any CPU
		Release|Any CPU = Release|Any CPU
	EndGlobalSection
	GlobalSection(ProjectConfigurationPlatforms) = postSolution
		{355361CB-9A83-443D-9F46-55BA41B3F033}.Debug|Any CPU.ActiveCfg = Debug|Any CPU
		{355361CB-9A83-443D-9F46-55BA41B3F033}.Debug|Any CPU.Build.0 = Debug|Any CPU
		{355361CB-9A83-443D-9F46-55BA41B3F033}.Release|Any CPU.ActiveCfg = Release|Any CPU
		{355361CB-9A83-443D-9F46-55BA41B3F033}.Release|Any CPU.Build.0 = Release|Any CPU
		{35AFE27F-A587-48EE-A432-774459E56CF9}.Debug|Any CPU.ActiveCfg = Debug|Any CPU
		{35AFE27F-A587-48EE-A432-774459E56CF9}.Debug|Any CPU.Build.0 = Debug|Any CPU
		{35AFE27F-A587-48EE-A432-774459E56CF9}.Release|Any CPU.ActiveCfg = Release|Any CPU
		{35AFE27F-A587-48EE-A432-774459E56CF9}.Release|Any CPU.Build.0 = Release|Any CPU
	EndGlobalSection
	GlobalSection(SolutionProperties) = preSolution
		HideSolutionNode = FALSE
	EndGlobalSection
	GlobalSection(ExtensibilityGlobals) = postSolution
		SolutionGuid = {FF0F5C37-C3F8-4F10-BE63-836DC3ED088D}
	EndGlobalSection
EndGlobal
